
Microsoft Visual Studio Solution File, Format Version 12.00
# Visual Studio Version 17
VisualStudioVersion = 17.0.32112.339
MinimumVisualStudioVersion = 10.0.40219.1
Project("{9A19103F-16F7-4668-BE54-9A1E7A4F7556}") = "WebApiPeliculas", "WebApiPeliculas\WebApiPeliculas.csproj", "{6A6810C1-3A62-4454-A13B-746A8D1C737C}"
EndProject
Project("{FAE04EC0-301F-11D3-BF4B-00C04F79EFBC}") = "WebApiPeliculas.Test", "WebApiPeliculas.Test\WebApiPeliculas.Test.csproj", "{95EDBA89-66FA-48C2-95BD-746E11732BD4}"
EndProject
Global
	GlobalSection(SolutionConfigurationPlatforms) = preSolution
		Debug|Any CPU = Debug|Any CPU
		Release|Any CPU = Release|Any CPU
	EndGlobalSection
	GlobalSection(ProjectConfigurationPlatforms) = postSolution
		{6A6810C1-3A62-4454-A13B-746A8D1C737C}.Debug|Any CPU.ActiveCfg = Debug|Any CPU
		{6A6810C1-3A62-4454-A13B-746A8D1C737C}.Debug|Any CPU.Build.0 = Debug|Any CPU
		{6A6810C1-3A62-4454-A13B-746A8D1C737C}.Release|Any CPU.ActiveCfg = Release|Any CPU
		{6A6810C1-3A62-4454-A13B-746A8D1C737C}.Release|Any CPU.Build.0 = Release|Any CPU
		{95EDBA89-66FA-48C2-95BD-746E11732BD4}.Debug|Any CPU.ActiveCfg = Debug|Any CPU
		{95EDBA89-66FA-48C2-95BD-746E11732BD4}.Debug|Any CPU.Build.0 = Debug|Any CPU
		{95EDBA89-66FA-48C2-95BD-746E11732BD4}.Release|Any CPU.ActiveCfg = Release|Any CPU
		{95EDBA89-66FA-48C2-95BD-746E11732BD4}.Release|Any CPU.Build.0 = Release|Any CPU
	EndGlobalSection
	GlobalSection(SolutionProperties) = preSolution
		HideSolutionNode = FALSE
	EndGlobalSection
	GlobalSection(ExtensibilityGlobals) = postSolution
		SolutionGuid = {E08A99AB-A1C8-4507-8839-5A49E5F36AD3}
	EndGlobalSection
EndGlobal
